# This file is automatically @generated by Cargo.
# It is not intended for manual editing.
version = 4

[[package]]
name = "beltane-application"
version = "0.1.0"
dependencies = [
 "beltane-domain",
 "beltane-ports",
]

[[package]]
name = "beltane-domain"
version = "0.1.0"

[[package]]
name = "beltane-gui"
version = "0.1.0"
dependencies = [
 "beltane-ports",
]

[[package]]
name = "beltane-ports"
version = "0.1.0"

[[package]]
name = "beltane-runtime"
version = "0.1.0"
dependencies = [
 "beltane-application",
 "beltane-ports",
]
